
Microsoft Visual Studio Solution File, Format Version 12.00
# Visual Studio Version 16
VisualStudioVersion = 16.0.30104.148
MinimumVisualStudioVersion = 10.0.40219.1
Project("{FAE04EC0-301F-11D3-BF4B-00C04F79EFBC}") = "12345_NguyenManhHung_BigSchool", "12345_NguyenManhHung_BigSchool\12345_NguyenManhHung_BigSchool.csproj", "{289F31C9-DE9C-4810-861E-6D1C6E331296}"
EndProject
Global
	GlobalSection(SolutionConfigurationPlatforms) = preSolution
		Debug|Any CPU = Debug|Any CPU
		Release|Any CPU = Release|Any CPU
	EndGlobalSection
	GlobalSection(ProjectConfigurationPlatforms) = postSolution
		{289F31C9-DE9C-4810-861E-6D1C6E331296}.Debug|Any CPU.ActiveCfg = Debug|Any CPU
		{289F31C9-DE9C-4810-861E-6D1C6E331296}.Debug|Any CPU.Build.0 = Debug|Any CPU
		{289F31C9-DE9C-4810-861E-6D1C6E331296}.Release|Any CPU.ActiveCfg = Release|Any CPU
		{289F31C9-DE9C-4810-861E-6D1C6E331296}.Release|Any CPU.Build.0 = Release|Any CPU
	EndGlobalSection
	GlobalSection(SolutionProperties) = preSolution
		HideSolutionNode = FALSE
	EndGlobalSection
	GlobalSection(ExtensibilityGlobals) = postSolution
		SolutionGuid = {DA8FC904-3899-4F98-B3E7-88AAC21E0353}
	EndGlobalSection
EndGlobal
